
Microsoft Visual Studio Solution File, Format Version 12.00
# Visual Studio 2012
Project("{FAE04EC0-301F-11D3-BF4B-00C04F79EFBC}") = "Lab9", "Lab9\Lab9.csproj", "{BCB31A7B-3CBF-4B36-8E8B-9A828F6F6992}"
EndProject
Global
	GlobalSection(SolutionConfigurationPlatforms) = preSolution
		Debug|Any CPU = Debug|Any CPU
		Release|Any CPU = Release|Any CPU
	EndGlobalSection
	GlobalSection(ProjectConfigurationPlatforms) = postSolution
		{BCB31A7B-3CBF-4B36-8E8B-9A828F6F6992}.Debug|Any CPU.ActiveCfg = Debug|Any CPU
		{BCB31A7B-3CBF-4B36-8E8B-9A828F6F6992}.Debug|Any CPU.Build.0 = Debug|Any CPU
		{BCB31A7B-3CBF-4B36-8E8B-9A828F6F6992}.Release|Any CPU.ActiveCfg = Release|Any CPU
		{BCB31A7B-3CBF-4B36-8E8B-9A828F6F6992}.Release|Any CPU.Build.0 = Release|Any CPU
	EndGlobalSection
EndGlobal
